# This file is automatically @generated by Cargo.
# It is not intended for manual editing.
version = 4

[[package]]
name = "azula"
version = "0.1.0"

[[package]]
name = "azula-api"
version = "0.1.0"

[[package]]
name = "azula-core"
version = "0.1.0"

[[package]]
name = "azula-crypto"
version = "0.1.0"

[[package]]
name = "azula-engine"
version = "0.1.0"

[[package]]
name = "azula-iostream"
version = "0.1.0"

[[package]]
name = "azula-macros"
version = "0.1.0"

[[package]]
name = "azula-proto"
version = "0.1.0"

[[package]]
name = "azula-scan"
version = "0.1.0"

[[package]]
name = "azula-services"
version = "0.1.0"

[[package]]
name = "azula-support"
version = "0.1.0"
